
Microsoft Visual Studio Solution File, Format Version 12.00
# Visual Studio Version 16
VisualStudioVersion = 16.0.31702.278
MinimumVisualStudioVersion = 10.0.40219.1
Project("{FAE04EC0-301F-11D3-BF4B-00C04F79EFBC}") = "Midterm Lab Task", "Midterm Lab Task\Midterm Lab Task.csproj", "{6A798930-08A9-4198-A780-DCF5E1C9A547}"
EndProject
Global
	GlobalSection(SolutionConfigurationPlatforms) = preSolution
		Debug|Any CPU = Debug|Any CPU
		Release|Any CPU = Release|Any CPU
	EndGlobalSection
	GlobalSection(ProjectConfigurationPlatforms) = postSolution
		{6A798930-08A9-4198-A780-DCF5E1C9A547}.Debug|Any CPU.ActiveCfg = Debug|Any CPU
		{6A798930-08A9-4198-A780-DCF5E1C9A547}.Debug|Any CPU.Build.0 = Debug|Any CPU
		{6A798930-08A9-4198-A780-DCF5E1C9A547}.Release|Any CPU.ActiveCfg = Release|Any CPU
		{6A798930-08A9-4198-A780-DCF5E1C9A547}.Release|Any CPU.Build.0 = Release|Any CPU
	EndGlobalSection
	GlobalSection(SolutionProperties) = preSolution
		HideSolutionNode = FALSE
	EndGlobalSection
	GlobalSection(ExtensibilityGlobals) = postSolution
		SolutionGuid = {AE82D022-6EE0-48BD-AA0F-753E2566D3D7}
	EndGlobalSection
EndGlobal
