
Microsoft Visual Studio Solution File, Format Version 12.00
# Visual Studio Version 16
VisualStudioVersion = 16.0.31702.278
MinimumVisualStudioVersion = 10.0.40219.1
Project("{FAE04EC0-301F-11D3-BF4B-00C04F79EFBC}") = "Final Lab Task 1", "Final Lab Task 1\Final Lab Task 1.csproj", "{24E439BF-D5DC-481B-8127-BB8246189E98}"
EndProject
Global
	GlobalSection(SolutionConfigurationPlatforms) = preSolution
		Debug|Any CPU = Debug|Any CPU
		Release|Any CPU = Release|Any CPU
	EndGlobalSection
	GlobalSection(ProjectConfigurationPlatforms) = postSolution
		{24E439BF-D5DC-481B-8127-BB8246189E98}.Debug|Any CPU.ActiveCfg = Debug|Any CPU
		{24E439BF-D5DC-481B-8127-BB8246189E98}.Debug|Any CPU.Build.0 = Debug|Any CPU
		{24E439BF-D5DC-481B-8127-BB8246189E98}.Release|Any CPU.ActiveCfg = Release|Any CPU
		{24E439BF-D5DC-481B-8127-BB8246189E98}.Release|Any CPU.Build.0 = Release|Any CPU
	EndGlobalSection
	GlobalSection(SolutionProperties) = preSolution
		HideSolutionNode = FALSE
	EndGlobalSection
	GlobalSection(ExtensibilityGlobals) = postSolution
		SolutionGuid = {A8ADA3D6-045D-4D06-A6C3-358D6A5E95A3}
	EndGlobalSection
EndGlobal
