
Microsoft Visual Studio Solution File, Format Version 12.00
# Visual Studio Version 16
VisualStudioVersion = 16.0.31702.278
MinimumVisualStudioVersion = 10.0.40219.1
Project("{FAE04EC0-301F-11D3-BF4B-00C04F79EFBC}") = "Final xm", "Final xm\Final xm.csproj", "{C8113231-A11A-4706-971F-273417116B29}"
EndProject
Global
	GlobalSection(SolutionConfigurationPlatforms) = preSolution
		Debug|Any CPU = Debug|Any CPU
		Release|Any CPU = Release|Any CPU
	EndGlobalSection
	GlobalSection(ProjectConfigurationPlatforms) = postSolution
		{C8113231-A11A-4706-971F-273417116B29}.Debug|Any CPU.ActiveCfg = Debug|Any CPU
		{C8113231-A11A-4706-971F-273417116B29}.Debug|Any CPU.Build.0 = Debug|Any CPU
		{C8113231-A11A-4706-971F-273417116B29}.Release|Any CPU.ActiveCfg = Release|Any CPU
		{C8113231-A11A-4706-971F-273417116B29}.Release|Any CPU.Build.0 = Release|Any CPU
	EndGlobalSection
	GlobalSection(SolutionProperties) = preSolution
		HideSolutionNode = FALSE
	EndGlobalSection
	GlobalSection(ExtensibilityGlobals) = postSolution
		SolutionGuid = {864B14F6-5A36-4E08-B73E-AC6260581DBC}
	EndGlobalSection
EndGlobal
